Microsoft Visual Studio Solution File, Format Version 11.00
# Visual Studio 2008

Project("{6BFBDD33-0600-B190-0B93-CF75B6B4E57A}") = "Saplings", "Assembly-CSharp.csproj", "{39F6CEEB-5B62-D56F-79FB-3192AA60966B}"
EndProject
Project("{6BFBDD33-0600-B190-0B93-CF75B6B4E57A}") = "Saplings", "Assembly-UnityScript.unityproj", "{4C7AD7E4-06CF-82F3-7ADF-947EFCADC350}"
EndProject
Global
	GlobalSection(SolutionConfigurationPlatforms) = preSolution
		Debug|Any CPU = Debug|Any CPU
		Release|Any CPU = Release|Any CPU
	EndGlobalSection
	GlobalSection(ProjectConfigurationPlatforms) = postSolution
		{39F6CEEB-5B62-D56F-79FB-3192AA60966B}.Debug|Any CPU.ActiveCfg = Debug|Any CPU
		{39F6CEEB-5B62-D56F-79FB-3192AA60966B}.Debug|Any CPU.Build.0 = Debug|Any CPU
		{39F6CEEB-5B62-D56F-79FB-3192AA60966B}.Release|Any CPU.ActiveCfg = Release|Any CPU
		{39F6CEEB-5B62-D56F-79FB-3192AA60966B}.Release|Any CPU.Build.0 = Release|Any CPU
		{4C7AD7E4-06CF-82F3-7ADF-947EFCADC350}.Debug|Any CPU.ActiveCfg = Debug|Any CPU
		{4C7AD7E4-06CF-82F3-7ADF-947EFCADC350}.Debug|Any CPU.Build.0 = Debug|Any CPU
		{4C7AD7E4-06CF-82F3-7ADF-947EFCADC350}.Release|Any CPU.ActiveCfg = Release|Any CPU
		{4C7AD7E4-06CF-82F3-7ADF-947EFCADC350}.Release|Any CPU.Build.0 = Release|Any CPU
	EndGlobalSection
	GlobalSection(SolutionProperties) = preSolution
		HideSolutionNode = FALSE
	EndGlobalSection
																																								GlobalSection(MonoDevelopProperties) = preSolution
		StartupItem = Assembly-CSharp.csproj
		Policies = $0
		$0.TextStylePolicy = $1
		$1.inheritsSet = null
		$1.scope = text/x-csharp
		$0.CSharpFormattingPolicy = $2
		$2.inheritsSet = Mono
		$2.inheritsScope = text/x-csharp
		$2.scope = text/x-csharp
		$0.TextStylePolicy = $3
		$3.FileWidth = 120
		$3.TabWidth = 4
		$3.EolMarker = Unix
		$3.inheritsSet = Mono
		$3.inheritsScope = text/plain
		$3.scope = text/plain
	EndGlobalSection

EndGlobal
